// !$*UTF8*$!
{
	archiveVersion = 1;
	classes = {
	};
	objectVersion = 55;
	objects = {

/* Begin PBXBuildFile section */
		0F82561F032B3D9199F9BED3 /* Pods_RegistroUsuarios.framework in Frameworks */ = {isa = PBXBuildFile; fileRef = F03698D4016BA94AE97371E9 /* Pods_RegistroUsuarios.framework */; };
		D630C52913A912FC5837835A /* Pods_RegistroUsuariosTests.framework in Frameworks */ = {isa = PBXBuildFile; fileRef = 5D71156476D8EA1D4D0867FA /* Pods_RegistroUsuariosTests.framework */; };
		DF9FB424278D08FD0056D37A /* AppDelegate.swift in Sources */ = {isa = PBXBuildFile; fileRef = DF9FB423278D08FD0056D37A /* AppDelegate.swift */; };
		DF9FB426278D08FD0056D37A /* SceneDelegate.swift in Sources */ = {isa = PBXBuildFile; fileRef = DF9FB425278D08FD0056D37A /* SceneDelegate.swift */; };
		DF9FB428278D08FD0056D37A /* ViewController.swift in Sources */ = {isa = PBXBuildFile; fileRef = DF9FB427278D08FD0056D37A /* ViewController.swift */; };
		DF9FB42B278D08FD0056D37A /* Main.storyboard in Resources */ = {isa = PBXBuildFile; fileRef = DF9FB429278D08FD0056D37A /* Main.storyboard */; };
		DF9FB42D278D08FD0056D37A /* Assets.xcassets in Resources */ = {isa = PBXBuildFile; fileRef = DF9FB42C278D08FD0056D37A /* Assets.xcassets */; };
		DF9FB430278D08FD0056D37A /* LaunchScreen.storyboard in Resources */ = {isa = PBXBuildFile; fileRef = DF9FB42E278D08FD0056D37A /* LaunchScreen.storyboard */; };
		DF9FB43B278D08FD0056D37A /* RegistroUsuariosTests.swift in Sources */ = {isa = PBXBuildFile; fileRef = DF9FB43A278D08FD0056D37A /* RegistroUsuariosTests.swift */; };
		DF9FB445278D08FD0056D37A /* RegistroUsuariosUITests.swift in Sources */ = {isa = PBXBuildFile; fileRef = DF9FB444278D08FD0056D37A /* RegistroUsuariosUITests.swift */; };
		DF9FB447278D08FD0056D37A /* RegistroUsuariosUITestsLaunchTests.swift in Sources */ = {isa = PBXBuildFile; fileRef = DF9FB446278D08FD0056D37A /* RegistroUsuariosUITestsLaunchTests.swift */; };
		DF9FB455278D19500056D37A /* extenciones.swift in Sources */ = {isa = PBXBuildFile; fileRef = DF9FB454278D19500056D37A /* extenciones.swift */; };
		DF9FB458278D22E00056D37A /* RegisterUser.swift in Sources */ = {isa = PBXBuildFile; fileRef = DF9FB457278D22E00056D37A /* RegisterUser.swift */; };
		DF9FB45A278D25520056D37A /* GoogleService-Info.plist in Resources */ = {isa = PBXBuildFile; fileRef = DF9FB459278D25520056D37A /* GoogleService-Info.plist */; };
		FCCED5D19C8EBB002BFB17F2 /* Pods_RegistroUsuarios_RegistroUsuariosUITests.framework in Frameworks */ = {isa = PBXBuildFile; fileRef = 279E2321792DA5F4BED2A571 /* Pods_RegistroUsuarios_RegistroUsuariosUITests.framework */; };
/* End PBXBuildFile section */

/* Begin PBXContainerItemProxy section */
		DF9FB437278D08FD0056D37A /* PBXContainerItemProxy */ = {
			isa = PBXContainerItemProxy;
			containerPortal = DF9FB418278D08FD0056D37A /* Project object */;
			proxyType = 1;
			remoteGlobalIDString = DF9FB41F278D08FD0056D37A;
			remoteInfo = RegistroUsuarios;
		};
		DF9FB441278D08FD0056D37A /* PBXContainerItemProxy */ = {
			isa = PBXContainerItemProxy;
			containerPortal = DF9FB418278D08FD0056D37A /* Project object */;
			proxyType = 1;
			remoteGlobalIDString = DF9FB41F278D08FD0056D37A;
			remoteInfo = RegistroUsuarios;
		};
/* End PBXContainerItemProxy section */

/* Begin PBXFileReference section */
		05D65B5142E9E993D77C8660 /* Pods-RegistroUsuarios.debug.xcconfig */ = {isa = PBXFileReference; includeInIndex = 1; lastKnownFileType = text.xcconfig; name = "Pods-RegistroUsuarios.debug.xcconfig"; path = "Target Support Files/Pods-RegistroUsuarios/Pods-RegistroUsuarios.debug.xcconfig"; sourceTree = "<group>"; };
		279E2321792DA5F4BED2A571 /* Pods_RegistroUsuarios_RegistroUsuariosUITests.framework */ = {isa = PBXFileReference; explicitFileType = wrapper.framework; includeInIndex = 0; path = Pods_RegistroUsuarios_RegistroUsuariosUITests.framework; sourceTree = BUILT_PRODUCTS_DIR; };
		5D71156476D8EA1D4D0867FA /* Pods_RegistroUsuariosTests.framework */ = {isa = PBXFileReference; explicitFileType = wrapper.framework; includeInIndex = 0; path = Pods_RegistroUsuariosTests.framework; sourceTree = BUILT_PRODUCTS_DIR; };
		5DFD96EF5B22009DF65629FD /* Pods-RegistroUsuariosTests.debug.xcconfig */ = {isa = PBXFileReference; includeInIndex = 1; lastKnownFileType = text.xcconfig; name = "Pods-RegistroUsuariosTests.debug.xcconfig"; path = "Target Support Files/Pods-RegistroUsuariosTests/Pods-RegistroUsuariosTests.debug.xcconfig"; sourceTree = "<group>"; };
		81CB687526CD8A1B09AFF19C /* Pods-RegistroUsuariosTests.release.xcconfig */ = {isa = PBXFileReference; includeInIndex = 1; lastKnownFileType = text.xcconfig; name = "Pods-RegistroUsuariosTests.release.xcconfig"; path = "Target Support Files/Pods-RegistroUsuariosTests/Pods-RegistroUsuariosTests.release.xcconfig"; sourceTree = "<group>"; };
		845A807730B352E1F64D995E /* Pods-RegistroUsuarios-RegistroUsuariosUITests.release.xcconfig */ = {isa = PBXFileReference; includeInIndex = 1; lastKnownFileType = text.xcconfig; name = "Pods-RegistroUsuarios-RegistroUsuariosUITests.release.xcconfig"; path = "Target Support Files/Pods-RegistroUsuarios-RegistroUsuariosUITests/Pods-RegistroUsuarios-RegistroUsuariosUITests.release.xcconfig"; sourceTree = "<group>"; };
		DF9FB420278D08FD0056D37A /* RegistroUsuarios.app */ = {isa = PBXFileReference; explicitFileType = wrapper.application; includeInIndex = 0; path = RegistroUsuarios.app; sourceTree = BUILT_PRODUCTS_DIR; };
		DF9FB423278D08FD0056D37A /* AppDelegate.swift */ = {isa = PBXFileReference; lastKnownFileType = sourcecode.swift; path = AppDelegate.swift; sourceTree = "<group>"; };
		DF9FB425278D08FD0056D37A /* SceneDelegate.swift */ = {isa = PBXFileReference; lastKnownFileType = sourcecode.swift; path = SceneDelegate.swift; sourceTree = "<group>"; };
		DF9FB427278D08FD0056D37A /* ViewController.swift */ = {isa = PBXFileReference; lastKnownFileType = sourcecode.swift; path = ViewController.swift; sourceTree = "<group>"; };
		DF9FB42A278D08FD0056D37A /* Base */ = {isa = PBXFileReference; lastKnownFileType = file.storyboard; name = Base; path = Base.lproj/Main.storyboard; sourceTree = "<group>"; };
		DF9FB42C278D08FD0056D37A /* Assets.xcassets */ = {isa = PBXFileReference; lastKnownFileType = folder.assetcatalog; path = Assets.xcassets; sourceTree = "<group>"; };
		DF9FB42F278D08FD0056D37A /* Base */ = {isa = PBXFileReference; lastKnownFileType = file.storyboard; name = Base; path = Base.lproj/LaunchScreen.storyboard; sourceTree = "<group>"; };
		DF9FB431278D08FD0056D37A /* Info.plist */ = {isa = PBXFileReference; lastKnownFileType = text.plist.xml; path = Info.plist; sourceTree = "<group>"; };
		DF9FB436278D08FD0056D37A /* RegistroUsuariosTests.xctest */ = {isa = PBXFileReference; explicitFileType = wrapper.cfbundle; includeInIndex = 0; path = RegistroUsuariosTests.xctest; sourceTree = BUILT_PRODUCTS_DIR; };
		DF9FB43A278D08FD0056D37A /* RegistroUsuariosTests.swift */ = {isa = PBXFileReference; lastKnownFileType = sourcecode.swift; path = RegistroUsuariosTests.swift; sourceTree = "<group>"; };
		DF9FB440278D08FD0056D37A /* RegistroUsuariosUITests.xctest */ = {isa = PBXFileReference; explicitFileType = wrapper.cfbundle; includeInIndex = 0; path = RegistroUsuariosUITests.xctest; sourceTree = BUILT_PRODUCTS_DIR; };
		DF9FB444278D08FD0056D37A /* RegistroUsuariosUITests.swift */ = {isa = PBXFileReference; lastKnownFileType = sourcecode.swift; path = RegistroUsuariosUITests.swift; sourceTree = "<group>"; };
		DF9FB446278D08FD0056D37A /* RegistroUsuariosUITestsLaunchTests.swift */ = {isa = PBXFileReference; lastKnownFileType = sourcecode.swift; path = RegistroUsuariosUITestsLaunchTests.swift; sourceTree = "<group>"; };
		DF9FB454278D19500056D37A /* extenciones.swift */ = {isa = PBXFileReference; lastKnownFileType = sourcecode.swift; path = extenciones.swift; sourceTree = "<group>"; };
		DF9FB457278D22E00056D37A /* RegisterUser.swift */ = {isa = PBXFileReference; lastKnownFileType = sourcecode.swift; path = RegisterUser.swift; sourceTree = "<group>"; };
		DF9FB459278D25520056D37A /* GoogleService-Info.plist */ = {isa = PBXFileReference; fileEncoding = 4; lastKnownFileType = text.plist.xml; path = "GoogleService-Info.plist"; sourceTree = "<group>"; };
		E709CFDB0A4E7792466D218D /* Pods-RegistroUsuarios.release.xcconfig */ = {isa = PBXFileReference; includeInIndex = 1; lastKnownFileType = text.xcconfig; name = "Pods-RegistroUsuarios.release.xcconfig"; path = "Target Support Files/Pods-RegistroUsuarios/Pods-RegistroUsuarios.release.xcconfig"; sourceTree = "<group>"; };
		E86D05B5BD29586759817FD6 /* Pods-RegistroUsuarios-RegistroUsuariosUITests.debug.xcconfig */ = {isa = PBXFileReference; includeInIndex = 1; lastKnownFileType = text.xcconfig; name = "Pods-RegistroUsuarios-RegistroUsuariosUITests.debug.xcconfig"; path = "Target Support Files/Pods-RegistroUsuarios-RegistroUsuariosUITests/Pods-RegistroUsuarios-RegistroUsuariosUITests.debug.xcconfig"; sourceTree = "<group>"; };
		F03698D4016BA94AE97371E9 /* Pods_RegistroUsuarios.framework */ = {isa = PBXFileReference; explicitFileType = wrapper.framework; includeInIndex = 0; path = Pods_RegistroUsuarios.framework; sourceTree = BUILT_PRODUCTS_DIR; };
/* End PBXFileReference section */

/* Begin PBXFrameworksBuildPhase section */
		DF9FB41D278D08FD0056D37A /* Frameworks */ = {
			isa = PBXFrameworksBuildPhase;
			buildActionMask = 2147483647;
			files = (
				0F82561F032B3D9199F9BED3 /* Pods_RegistroUsuarios.framework in Frameworks */,
			);
			runOnlyForDeploymentPostprocessing = 0;
		};
		DF9FB433278D08FD0056D37A /* Frameworks */ = {
			isa = PBXFrameworksBuildPhase;
			buildActionMask = 2147483647;
			files = (
				D630C52913A912FC5837835A /* Pods_RegistroUsuariosTests.framework in Frameworks */,
			);
			runOnlyForDeploymentPostprocessing = 0;
		};
		DF9FB43D278D08FD0056D37A /* Frameworks */ = {
			isa = PBXFrameworksBuildPhase;
			buildActionMask = 2147483647;
			files = (
				FCCED5D19C8EBB002BFB17F2 /* Pods_RegistroUsuarios_RegistroUsuariosUITests.framework in Frameworks */,
			);
			runOnlyForDeploymentPostprocessing = 0;
		};
/* End PBXFrameworksBuildPhase section */

/* Begin PBXGroup section */
		3BE153EF5747165BF4F3DDAF /* Frameworks */ = {
			isa = PBXGroup;
			children = (
				F03698D4016BA94AE97371E9 /* Pods_RegistroUsuarios.framework */,
				279E2321792DA5F4BED2A571 /* Pods_RegistroUsuarios_RegistroUsuariosUITests.framework */,
				5D71156476D8EA1D4D0867FA /* Pods_RegistroUsuariosTests.framework */,
			);
			name = Frameworks;
			sourceTree = "<group>";
		};
		9D52880D6174D0EC6394658E /* Pods */ = {
			isa = PBXGroup;
			children = (
				05D65B5142E9E993D77C8660 /* Pods-RegistroUsuarios.debug.xcconfig */,
				E709CFDB0A4E7792466D218D /* Pods-RegistroUsuarios.release.xcconfig */,
				E86D05B5BD29586759817FD6 /* Pods-RegistroUsuarios-RegistroUsuariosUITests.debug.xcconfig */,
				845A807730B352E1F64D995E /* Pods-RegistroUsuarios-RegistroUsuariosUITests.release.xcconfig */,
				5DFD96EF5B22009DF65629FD /* Pods-RegistroUsuariosTests.debug.xcconfig */,
				81CB687526CD8A1B09AFF19C /* Pods-RegistroUsuariosTests.release.xcconfig */,
			);
			path = Pods;
			sourceTree = "<group>";
		};
		DF9FB417278D08FD0056D37A = {
			isa = PBXGroup;
			children = (
				DF9FB456278D22B80056D37A /* Model */,
				DF9FB453278D19350056D37A /* Extensiones */,
				DF9FB422278D08FD0056D37A /* RegistroUsuarios */,
				DF9FB439278D08FD0056D37A /* RegistroUsuariosTests */,
				DF9FB443278D08FD0056D37A /* RegistroUsuariosUITests */,
				DF9FB421278D08FD0056D37A /* Products */,
				9D52880D6174D0EC6394658E /* Pods */,
				3BE153EF5747165BF4F3DDAF /* Frameworks */,
			);
			sourceTree = "<group>";
		};
		DF9FB421278D08FD0056D37A /* Products */ = {
			isa = PBXGroup;
			children = (
				DF9FB420278D08FD0056D37A /* RegistroUsuarios.app */,
				DF9FB436278D08FD0056D37A /* RegistroUsuariosTests.xctest */,
				DF9FB440278D08FD0056D37A /* RegistroUsuariosUITests.xctest */,
			);
			name = Products;
			sourceTree = "<group>";
		};
		DF9FB422278D08FD0056D37A /* RegistroUsuarios */ = {
			isa = PBXGroup;
			children = (
				DF9FB423278D08FD0056D37A /* AppDelegate.swift */,
				DF9FB425278D08FD0056D37A /* SceneDelegate.swift */,
				DF9FB427278D08FD0056D37A /* ViewController.swift */,
				DF9FB429278D08FD0056D37A /* Main.storyboard */,
				DF9FB42C278D08FD0056D37A /* Assets.xcassets */,
				DF9FB42E278D08FD0056D37A /* LaunchScreen.storyboard */,
				DF9FB459278D25520056D37A /* GoogleService-Info.plist */,
				DF9FB431278D08FD0056D37A /* Info.plist */,
			);
			path = RegistroUsuarios;
			sourceTree = "<group>";
		};
		DF9FB439278D08FD0056D37A /* RegistroUsuariosTests */ = {
			isa = PBXGroup;
			children = (
				DF9FB43A278D08FD0056D37A /* RegistroUsuariosTests.swift */,
			);
			path = RegistroUsuariosTests;
			sourceTree = "<group>";
		};
		DF9FB443278D08FD0056D37A /* RegistroUsuariosUITests */ = {
			isa = PBXGroup;
			children = (
				DF9FB444278D08FD0056D37A /* RegistroUsuariosUITests.swift */,
				DF9FB446278D08FD0056D37A /* RegistroUsuariosUITestsLaunchTests.swift */,
			);
			path = RegistroUsuariosUITests;
			sourceTree = "<group>";
		};
		DF9FB453278D19350056D37A /* Extensiones */ = {
			isa = PBXGroup;
			children = (
				DF9FB454278D19500056D37A /* extenciones.swift */,
			);
			path = Extensiones;
			sourceTree = "<group>";
		};
		DF9FB456278D22B80056D37A /* Model */ = {
			isa = PBXGroup;
			children = (
				DF9FB457278D22E00056D37A /* RegisterUser.swift */,
			);
			path = Model;
			sourceTree = "<group>";
		};
/* End PBXGroup section */

/* Begin PBXNativeTarget section */
		DF9FB41F278D08FD0056D37A /* RegistroUsuarios */ = {
			isa = PBXNativeTarget;
			buildConfigurationList = DF9FB44A278D08FD0056D37A /* Build configuration list for PBXNativeTarget "RegistroUsuarios" */;
			buildPhases = (
				B6A941561450E94F38E00A81 /* [CP] Check Pods Manifest.lock */,
				DF9FB41C278D08FD0056D37A /* Sources */,
				DF9FB41D278D08FD0056D37A /* Frameworks */,
				DF9FB41E278D08FD0056D37A /* Resources */,
				DC57352A3E738162F7A57DB0 /* [CP] Embed Pods Frameworks */,
			);
			buildRules = (
			);
			dependencies = (
			);
			name = RegistroUsuarios;
			productName = RegistroUsuarios;
			productReference = DF9FB420278D08FD0056D37A /* RegistroUsuarios.app */;
			productType = "com.apple.product-type.application";
		};
		DF9FB435278D08FD0056D37A /* RegistroUsuariosTests */ = {
			isa = PBXNativeTarget;
			buildConfigurationList = DF9FB44D278D08FD0056D37A /* Build configuration list for PBXNativeTarget "RegistroUsuariosTests" */;
			buildPhases = (
				598944EB7FDBE520AA89FB57 /* [CP] Check Pods Manifest.lock */,
				DF9FB432278D08FD0056D37A /* Sources */,
				DF9FB433278D08FD0056D37A /* Frameworks */,
				DF9FB434278D08FD0056D37A /* Resources */,
			);
			buildRules = (
			);
			dependencies = (
				DF9FB438278D08FD0056D37A /* PBXTargetDependency */,
			);
			name = RegistroUsuariosTests;
			productName = RegistroUsuariosTests;
			productReference = DF9FB436278D08FD0056D37A /* RegistroUsuariosTests.xctest */;
			productType = "com.apple.product-type.bundle.unit-test";
		};
		DF9FB43F278D08FD0056D37A /* RegistroUsuariosUITests */ = {
			isa = PBXNativeTarget;
			buildConfigurationList = DF9FB450278D08FD0056D37A /* Build configuration list for PBXNativeTarget "RegistroUsuariosUITests" */;
			buildPhases = (
				B302B82C15061588D60B9123 /* [CP] Check Pods Manifest.lock */,
				DF9FB43C278D08FD0056D37A /* Sources */,
				DF9FB43D278D08FD0056D37A /* Frameworks */,
				DF9FB43E278D08FD0056D37A /* Resources */,
				7975AAAF464E22702423223A /* [CP] Embed Pods Frameworks */,
			);
			buildRules = (
			);
			dependencies = (
				DF9FB442278D08FD0056D37A /* PBXTargetDependency */,
			);
			name = RegistroUsuariosUITests;
			productName = RegistroUsuariosUITests;
			productReference = DF9FB440278D08FD0056D37A /* RegistroUsuariosUITests.xctest */;
			productType = "com.apple.product-type.bundle.ui-testing";
		};
/* End PBXNativeTarget section */

/* Begin PBXProject section */
		DF9FB418278D08FD0056D37A /* Project object */ = {
			isa = PBXProject;
			attributes = {
				BuildIndependentTargetsInParallel = 1;
				LastSwiftUpdateCheck = 1310;
				LastUpgradeCheck = 1310;
				TargetAttributes = {
					DF9FB41F278D08FD0056D37A = {
						CreatedOnToolsVersion = 13.1;
					};
					DF9FB435278D08FD0056D37A = {
						CreatedOnToolsVersion = 13.1;
						TestTargetID = DF9FB41F278D08FD0056D37A;
					};
					DF9FB43F278D08FD0056D37A = {
						CreatedOnToolsVersion = 13.1;
						TestTargetID = DF9FB41F278D08FD0056D37A;
					};
				};
			};
			buildConfigurationList = DF9FB41B278D08FD0056D37A /* Build configuration list for PBXProject "RegistroUsuarios" */;
			compatibilityVersion = "Xcode 13.0";
			developmentRegion = en;
			hasScannedForEncodings = 0;
			knownRegions = (
				en,
				Base,
			);
			mainGroup = DF9FB417278D08FD0056D37A;
			productRefGroup = DF9FB421278D08FD0056D37A /* Products */;
			projectDirPath = "";
			projectRoot = "";
			targets = (
				DF9FB41F278D08FD0056D37A /* RegistroUsuarios */,
				DF9FB435278D08FD0056D37A /* RegistroUsuariosTests */,
				DF9FB43F278D08FD0056D37A /* RegistroUsuariosUITests */,
			);
		};
/* End PBXProject section */

/* Begin PBXResourcesBuildPhase section */
		DF9FB41E278D08FD0056D37A /* Resources */ = {
			isa = PBXResourcesBuildPhase;
			buildActionMask = 2147483647;
			files = (
				DF9FB430278D08FD0056D37A /* LaunchScreen.storyboard in Resources */,
				DF9FB45A278D25520056D37A /* GoogleService-Info.plist in Resources */,
				DF9FB42D278D08FD0056D37A /* Assets.xcassets in Resources */,
				DF9FB42B278D08FD0056D37A /* Main.storyboard in Resources */,
			);
			runOnlyForDeploymentPostprocessing = 0;
		};
		DF9FB434278D08FD0056D37A /* Resources */ = {
			isa = PBXResourcesBuildPhase;
			buildActionMask = 2147483647;
			files = (
			);
			runOnlyForDeploymentPostprocessing = 0;
		};
		DF9FB43E278D08FD0056D37A /* Resources */ = {
			isa = PBXResourcesBuildPhase;
			buildActionMask = 2147483647;
			files = (
			);
			runOnlyForDeploymentPostprocessing = 0;
		};
/* End PBXResourcesBuildPhase section */

/* Begin PBXShellScriptBuildPhase section */
		598944EB7FDBE520AA89FB57 /* [CP] Check Pods Manifest.lock */ = {
			isa = PBXShellScriptBuildPhase;
			buildActionMask = 2147483647;
			files = (
			);
			inputFileListPaths = (
			);
			inputPaths = (
				"${PODS_PODFILE_DIR_PATH}/Podfile.lock",
				"${PODS_ROOT}/Manifest.lock",
			);
			name = "[CP] Check Pods Manifest.lock";
			outputFileListPaths = (
			);
			outputPaths = (
				"$(DERIVED_FILE_DIR)/Pods-RegistroUsuariosTests-checkManifestLockResult.txt",
			);
			runOnlyForDeploymentPostprocessing = 0;
			shellPath = /bin/sh;
			shellScript = "diff \"${PODS_PODFILE_DIR_PATH}/Podfile.lock\" \"${PODS_ROOT}/Manifest.lock\" > /dev/null\nif [ $? != 0 ] ; then\n    # print error to STDERR\n    echo \"error: The sandbox is not in sync with the Podfile.lock. Run 'pod install' or update your CocoaPods installation.\" >&2\n    exit 1\nfi\n# This output is used by Xcode 'outputs' to avoid re-running this script phase.\necho \"SUCCESS\" > \"${SCRIPT_OUTPUT_FILE_0}\"\n";
			showEnvVarsInLog = 0;
		};
		7975AAAF464E22702423223A /* [CP] Embed Pods Frameworks */ = {
			isa = PBXShellScriptBuildPhase;
			buildActionMask = 2147483647;
			files = (
			);
			inputFileListPaths = (
				"${PODS_ROOT}/Target Support Files/Pods-RegistroUsuarios-RegistroUsuariosUITests/Pods-RegistroUsuarios-RegistroUsuariosUITests-frameworks-${CONFIGURATION}-input-files.xcfilelist",
			);
			name = "[CP] Embed Pods Frameworks";
			outputFileListPaths = (
				"${PODS_ROOT}/Target Support Files/Pods-RegistroUsuarios-RegistroUsuariosUITests/Pods-RegistroUsuarios-RegistroUsuariosUITests-frameworks-${CONFIGURATION}-output-files.xcfilelist",
			);
			runOnlyForDeploymentPostprocessing = 0;
			shellPath = /bin/sh;
			shellScript = "\"${PODS_ROOT}/Target Support Files/Pods-RegistroUsuarios-RegistroUsuariosUITests/Pods-RegistroUsuarios-RegistroUsuariosUITests-frameworks.sh\"\n";
			showEnvVarsInLog = 0;
		};
		B302B82C15061588D60B9123 /* [CP] Check Pods Manifest.lock */ = {
			isa = PBXShellScriptBuildPhase;
			buildActionMask = 2147483647;
			files = (
			);
			inputFileListPaths = (
			);
			inputPaths = (
				"${PODS_PODFILE_DIR_PATH}/Podfile.lock",
				"${PODS_ROOT}/Manifest.lock",
			);
			name = "[CP] Check Pods Manifest.lock";
			outputFileListPaths = (
			);
			outputPaths = (
				"$(DERIVED_FILE_DIR)/Pods-RegistroUsuarios-RegistroUsuariosUITests-checkManifestLockResult.txt",
			);
			runOnlyForDeploymentPostprocessing = 0;
			shellPath = /bin/sh;
			shellScript = "diff \"${PODS_PODFILE_DIR_PATH}/Podfile.lock\" \"${PODS_ROOT}/Manifest.lock\" > /dev/null\nif [ $? != 0 ] ; then\n    # print error to STDERR\n    echo \"error: The sandbox is not in sync with the Podfile.lock. Run 'pod install' or update your CocoaPods installation.\" >&2\n    exit 1\nfi\n# This output is used by Xcode 'outputs' to avoid re-running this script phase.\necho \"SUCCESS\" > \"${SCRIPT_OUTPUT_FILE_0}\"\n";
			showEnvVarsInLog = 0;
		};
		B6A941561450E94F38E00A81 /* [CP] Check Pods Manifest.lock */ = {
			isa = PBXShellScriptBuildPhase;
			buildActionMask = 2147483647;
			files = (
			);
			inputFileListPaths = (
			);
			inputPaths = (
				"${PODS_PODFILE_DIR_PATH}/Podfile.lock",
				"${PODS_ROOT}/Manifest.lock",
			);
			name = "[CP] Check Pods Manifest.lock";
			outputFileListPaths = (
			);
			outputPaths = (
				"$(DERIVED_FILE_DIR)/Pods-RegistroUsuarios-checkManifestLockResult.txt",
			);
			runOnlyForDeploymentPostprocessing = 0;
			shellPath = /bin/sh;
			shellScript = "diff \"${PODS_PODFILE_DIR_PATH}/Podfile.lock\" \"${PODS_ROOT}/Manifest.lock\" > /dev/null\nif [ $? != 0 ] ; then\n    # print error to STDERR\n    echo \"error: The sandbox is not in sync with the Podfile.lock. Run 'pod install' or update your CocoaPods installation.\" >&2\n    exit 1\nfi\n# This output is used by Xcode 'outputs' to avoid re-running this script phase.\necho \"SUCCESS\" > \"${SCRIPT_OUTPUT_FILE_0}\"\n";
			showEnvVarsInLog = 0;
		};
		DC57352A3E738162F7A57DB0 /* [CP] Embed Pods Frameworks */ = {
			isa = PBXShellScriptBuildPhase;
			buildActionMask = 2147483647;
			files = (
			);
			inputFileListPaths = (
				"${PODS_ROOT}/Target Support Files/Pods-RegistroUsuarios/Pods-RegistroUsuarios-frameworks-${CONFIGURATION}-input-files.xcfilelist",
			);
			name = "[CP] Embed Pods Frameworks";
			outputFileListPaths = (
				"${PODS_ROOT}/Target Support Files/Pods-RegistroUsuarios/Pods-RegistroUsuarios-frameworks-${CONFIGURATION}-output-files.xcfilelist",
			);
			runOnlyForDeploymentPostprocessing = 0;
			shellPath = /bin/sh;
			shellScript = "\"${PODS_ROOT}/Target Support Files/Pods-RegistroUsuarios/Pods-RegistroUsuarios-frameworks.sh\"\n";
			showEnvVarsInLog = 0;
		};
/* End PBXShellScriptBuildPhase section */

/* Begin PBXSourcesBuildPhase section */
		DF9FB41C278D08FD0056D37A /* Sources */ = {
			isa = PBXSourcesBuildPhase;
			buildActionMask = 2147483647;
			files = (
				DF9FB458278D22E00056D37A /* RegisterUser.swift in Sources */,
				DF9FB428278D08FD0056D37A /* ViewController.swift in Sources */,
				DF9FB455278D19500056D37A /* extenciones.swift in Sources */,
				DF9FB424278D08FD0056D37A /* AppDelegate.swift in Sources */,
				DF9FB426278D08FD0056D37A /* SceneDelegate.swift in Sources */,
			);
			runOnlyForDeploymentPostprocessing = 0;
		};
		DF9FB432278D08FD0056D37A /* Sources */ = {
			isa = PBXSourcesBuildPhase;
			buildActionMask = 2147483647;
			files = (
				DF9FB43B278D08FD0056D37A /* RegistroUsuariosTests.swift in Sources */,
			);
			runOnlyForDeploymentPostprocessing = 0;
		};
		DF9FB43C278D08FD0056D37A /* Sources */ = {
			isa = PBXSourcesBuildPhase;
			buildActionMask = 2147483647;
			files = (
				DF9FB447278D08FD0056D37A /* RegistroUsuariosUITestsLaunchTests.swift in Sources */,
				DF9FB445278D08FD0056D37A /* RegistroUsuariosUITests.swift in Sources */,
			);
			runOnlyForDeploymentPostprocessing = 0;
		};
/* End PBXSourcesBuildPhase section */

/* Begin PBXTargetDependency section */
		DF9FB438278D08FD0056D37A /* PBXTargetDependency */ = {
			isa = PBXTargetDependency;
			target = DF9FB41F278D08FD0056D37A /* RegistroUsuarios */;
			targetProxy = DF9FB437278D08FD0056D37A /* PBXContainerItemProxy */;
		};
		DF9FB442278D08FD0056D37A /* PBXTargetDependency */ = {
			isa = PBXTargetDependency;
			target = DF9FB41F278D08FD0056D37A /* RegistroUsuarios */;
			targetProxy = DF9FB441278D08FD0056D37A /* PBXContainerItemProxy */;
		};
/* End PBXTargetDependency section */

/* Begin PBXVariantGroup section */
		DF9FB429278D08FD0056D37A /* Main.storyboard */ = {
			isa = PBXVariantGroup;
			children = (
				DF9FB42A278D08FD0056D37A /* Base */,
			);
			name = Main.storyboard;
			sourceTree = "<group>";
		};
		DF9FB42E278D08FD0056D37A /* LaunchScreen.storyboard */ = {
			isa = PBXVariantGroup;
			children = (
				DF9FB42F278D08FD0056D37A /* Base */,
			);
			name = LaunchScreen.storyboard;
			sourceTree = "<group>";
		};
/* End PBXVariantGroup section */

/* Begin XCBuildConfiguration section */
		DF9FB448278D08FD0056D37A /* Debug */ = {
			isa = XCBuildConfiguration;
			buildSettings = {
				ALWAYS_SEARCH_USER_PATHS = NO;
				CLANG_ANALYZER_NONNULL = YES;
				CLANG_ANALYZER_NUMBER_OBJECT_CONVERSION = YES_AGGRESSIVE;
				CLANG_CXX_LANGUAGE_STANDARD = "gnu++17";
				CLANG_CXX_LIBRARY = "libc++";
				CLANG_ENABLE_MODULES = YES;
				CLANG_ENABLE_OBJC_ARC = YES;
				CLANG_ENABLE_OBJC_WEAK = YES;
				CLANG_WARN_BLOCK_CAPTURE_AUTORELEASING = YES;
				CLANG_WARN_BOOL_CONVERSION = YES;
				CLANG_WARN_COMMA = YES;
				CLANG_WARN_CONSTANT_CONVERSION = YES;
				CLANG_WARN_DEPRECATED_OBJC_IMPLEMENTATIONS = YES;
				CLANG_WARN_DIRECT_OBJC_ISA_USAGE = YES_ERROR;
				CLANG_WARN_DOCUMENTATION_COMMENTS = YES;
				CLANG_WARN_EMPTY_BODY = YES;
				CLANG_WARN_ENUM_CONVERSION = YES;
				CLANG_WARN_INFINITE_RECURSION = YES;
				CLANG_WARN_INT_CONVERSION = YES;
				CLANG_WARN_NON_LITERAL_NULL_CONVERSION = YES;
				CLANG_WARN_OBJC_IMPLICIT_RETAIN_SELF = YES;
				CLANG_WARN_OBJC_LITERAL_CONVERSION = YES;
				CLANG_WARN_OBJC_ROOT_CLASS = YES_ERROR;
				CLANG_WARN_QUOTED_INCLUDE_IN_FRAMEWORK_HEADER = YES;
				CLANG_WARN_RANGE_LOOP_ANALYSIS = YES;
				CLANG_WARN_STRICT_PROTOTYPES = YES;
				CLANG_WARN_SUSPICIOUS_MOVE = YES;
				CLANG_WARN_UNGUARDED_AVAILABILITY = YES_AGGRESSIVE;
				CLANG_WARN_UNREACHABLE_CODE = YES;
				CLANG_WARN__DUPLICATE_METHOD_MATCH = YES;
				COPY_PHASE_STRIP = NO;
				DEBUG_INFORMATION_FORMAT = dwarf;
				ENABLE_STRICT_OBJC_MSGSEND = YES;
				ENABLE_TESTABILITY = YES;
				GCC_C_LANGUAGE_STANDARD = gnu11;
				GCC_DYNAMIC_NO_PIC = NO;
				GCC_NO_COMMON_BLOCKS = YES;
				GCC_OPTIMIZATION_LEVEL = 0;
				GCC_PREPROCESSOR_DEFINITIONS = (
					"DEBUG=1",
					"$(inherited)",
				);
				GCC_WARN_64_TO_32_BIT_CONVERSION = YES;
				GCC_WARN_ABOUT_RETURN_TYPE = YES_ERROR;
				GCC_WARN_UNDECLARED_SELECTOR = YES;
				GCC_WARN_UNINITIALIZED_AUTOS = YES_AGGRESSIVE;
				GCC_WARN_UNUSED_FUNCTION = YES;
				GCC_WARN_UNUSED_VARIABLE = YES;
				IPHONEOS_DEPLOYMENT_TARGET = 15.0;
				MTL_ENABLE_DEBUG_INFO = INCLUDE_SOURCE;
				MTL_FAST_MATH = YES;
				ONLY_ACTIVE_ARCH = YES;
				SDKROOT = iphoneos;
				SWIFT_ACTIVE_COMPILATION_CONDITIONS = DEBUG;
				SWIFT_OPTIMIZATION_LEVEL = "-Onone";
			};
			name = Debug;
		};
		DF9FB449278D08FD0056D37A /* Release */ = {
			isa = XCBuildConfiguration;
			buildSettings = {
				ALWAYS_SEARCH_USER_PATHS = NO;
				CLANG_ANALYZER_NONNULL = YES;
				CLANG_ANALYZER_NUMBER_OBJECT_CONVERSION = YES_AGGRESSIVE;
				CLANG_CXX_LANGUAGE_STANDARD = "gnu++17";
				CLANG_CXX_LIBRARY = "libc++";
				CLANG_ENABLE_MODULES = YES;
				CLANG_ENABLE_OBJC_ARC = YES;
				CLANG_ENABLE_OBJC_WEAK = YES;
				CLANG_WARN_BLOCK_CAPTURE_AUTORELEASING = YES;
				CLANG_WARN_BOOL_CONVERSION = YES;
				CLANG_WARN_COMMA = YES;
				CLANG_WARN_CONSTANT_CONVERSION = YES;
				CLANG_WARN_DEPRECATED_OBJC_IMPLEMENTATIONS = YES;
				CLANG_WARN_DIRECT_OBJC_ISA_USAGE = YES_ERROR;
				CLANG_WARN_DOCUMENTATION_COMMENTS = YES;
				CLANG_WARN_EMPTY_BODY = YES;
				CLANG_WARN_ENUM_CONVERSION = YES;
				CLANG_WARN_INFINITE_RECURSION = YES;
				CLANG_WARN_INT_CONVERSION = YES;
				CLANG_WARN_NON_LITERAL_NULL_CONVERSION = YES;
				CLANG_WARN_OBJC_IMPLICIT_RETAIN_SELF = YES;
				CLANG_WARN_OBJC_LITERAL_CONVERSION = YES;
				CLANG_WARN_OBJC_ROOT_CLASS = YES_ERROR;
				CLANG_WARN_QUOTED_INCLUDE_IN_FRAMEWORK_HEADER = YES;
				CLANG_WARN_RANGE_LOOP_ANALYSIS = YES;
				CLANG_WARN_STRICT_PROTOTYPES = YES;
				CLANG_WARN_SUSPICIOUS_MOVE = YES;
				CLANG_WARN_UNGUARDED_AVAILABILITY = YES_AGGRESSIVE;
				CLANG_WARN_UNREACHABLE_CODE = YES;
				CLANG_WARN__DUPLICATE_METHOD_MATCH = YES;
				COPY_PHASE_STRIP = NO;
				DEBUG_INFORMATION_FORMAT = "dwarf-with-dsym";
				ENABLE_NS_ASSERTIONS = NO;
				ENABLE_STRICT_OBJC_MSGSEND = YES;
				GCC_C_LANGUAGE_STANDARD = gnu11;
				GCC_NO_COMMON_BLOCKS = YES;
				GCC_WARN_64_TO_32_BIT_CONVERSION = YES;
				GCC_WARN_ABOUT_RETURN_TYPE = YES_ERROR;
				GCC_WARN_UNDECLARED_SELECTOR = YES;
				GCC_WARN_UNINITIALIZED_AUTOS = YES_AGGRESSIVE;
				GCC_WARN_UNUSED_FUNCTION = YES;
				GCC_WARN_UNUSED_VARIABLE = YES;
				IPHONEOS_DEPLOYMENT_TARGET = 15.0;
				MTL_ENABLE_DEBUG_INFO = NO;
				MTL_FAST_MATH = YES;
				SDKROOT = iphoneos;
				SWIFT_COMPILATION_MODE = wholemodule;
				SWIFT_OPTIMIZATION_LEVEL = "-O";
				VALIDATE_PRODUCT = YES;
			};
			name = Release;
		};
		DF9FB44B278D08FD0056D37A /* Debug */ = {
			isa = XCBuildConfiguration;
			baseConfigurationReference = 05D65B5142E9E993D77C8660 /* Pods-RegistroUsuarios.debug.xcconfig */;
			buildSettings = {
				ASSETCATALOG_COMPILER_APPICON_NAME = AppIcon;
				ASSETCATALOG_COMPILER_GLOBAL_ACCENT_COLOR_NAME = AccentColor;
				CODE_SIGN_STYLE = Automatic;
				CURRENT_PROJECT_VERSION = 1;
				GENERATE_INFOPLIST_FILE = YES;
				INFOPLIST_FILE = RegistroUsuarios/Info.plist;
				INFOPLIST_KEY_UIApplicationSupportsIndirectInputEvents = YES;
				INFOPLIST_KEY_UILaunchStoryboardName = LaunchScreen;
				INFOPLIST_KEY_UIMainStoryboardFile = Main;
				INFOPLIST_KEY_UISupportedInterfaceOrientations_iPad = "UIInterfaceOrientationPortrait UIInterfaceOrientationPortraitUpsideDown UIInterfaceOrientationLandscapeLeft UIInterfaceOrientationLandscapeRight";
				INFOPLIST_KEY_UISupportedInterfaceOrientations_iPhone = "UIInterfaceOrientationPortrait UIInterfaceOrientationLandscapeLeft UIInterfaceOrientationLandscapeRight";
				LD_RUNPATH_SEARCH_PATHS = (
					"$(inherited)",
					"@executable_path/Frameworks",
				);
				MARKETING_VERSION = 1.0;
				PRODUCT_BUNDLE_IDENTIFIER = carlosh.semillero.RegistroUsuarios;
				PRODUCT_NAME = "$(TARGET_NAME)";
				SWIFT_EMIT_LOC_STRINGS = YES;
				SWIFT_VERSION = 5.0;
				TARGETED_DEVICE_FAMILY = "1,2";
			};
			name = Debug;
		};
		DF9FB44C278D08FD0056D37A /* Release */ = {
			isa = XCBuildConfiguration;
			baseConfigurationReference = E709CFDB0A4E7792466D218D /* Pods-RegistroUsuarios.release.xcconfig */;
			buildSettings = {
				ASSETCATALOG_COMPILER_APPICON_NAME = AppIcon;
				ASSETCATALOG_COMPILER_GLOBAL_ACCENT_COLOR_NAME = AccentColor;
				CODE_SIGN_STYLE = Automatic;
				CURRENT_PROJECT_VERSION = 1;
				GENERATE_INFOPLIST_FILE = YES;
				INFOPLIST_FILE = RegistroUsuarios/Info.plist;
				INFOPLIST_KEY_UIApplicationSupportsIndirectInputEvents = YES;
				INFOPLIST_KEY_UILaunchStoryboardName = LaunchScreen;
				INFOPLIST_KEY_UIMainStoryboardFile = Main;
				INFOPLIST_KEY_UISupportedInterfaceOrientations_iPad = "UIInterfaceOrientationPortrait UIInterfaceOrientationPortraitUpsideDown UIInterfaceOrientationLandscapeLeft UIInterfaceOrientationLandscapeRight";
				INFOPLIST_KEY_UISupportedInterfaceOrientations_iPhone = "UIInterfaceOrientationPortrait UIInterfaceOrientationLandscapeLeft UIInterfaceOrientationLandscapeRight";
				LD_RUNPATH_SEARCH_PATHS = (
					"$(inherited)",
					"@executable_path/Frameworks",
				);
				MARKETING_VERSION = 1.0;
				PRODUCT_BUNDLE_IDENTIFIER = carlosh.semillero.RegistroUsuarios;
				PRODUCT_NAME = "$(TARGET_NAME)";
				SWIFT_EMIT_LOC_STRINGS = YES;
				SWIFT_VERSION = 5.0;
				TARGETED_DEVICE_FAMILY = "1,2";
			};
			name = Release;
		};
		DF9FB44E278D08FD0056D37A /* Debug */ = {
			isa = XCBuildConfiguration;
			baseConfigurationReference = 5DFD96EF5B22009DF65629FD /* Pods-RegistroUsuariosTests.debug.xcconfig */;
			buildSettings = {
				ALWAYS_EMBED_SWIFT_STANDARD_LIBRARIES = YES;
				BUNDLE_LOADER = "$(TEST_HOST)";
				CODE_SIGN_STYLE = Automatic;
				CURRENT_PROJECT_VERSION = 1;
				GENERATE_INFOPLIST_FILE = YES;
				IPHONEOS_DEPLOYMENT_TARGET = 15.0;
				LD_RUNPATH_SEARCH_PATHS = (
					"$(inherited)",
					"@executable_path/Frameworks",
					"@loader_path/Frameworks",
				);
				MARKETING_VERSION = 1.0;
				PRODUCT_BUNDLE_IDENTIFIER = carlosh.semillero.RegistroUsuariosTests;
				PRODUCT_NAME = "$(TARGET_NAME)";
				SWIFT_EMIT_LOC_STRINGS = NO;
				SWIFT_VERSION = 5.0;
				TARGETED_DEVICE_FAMILY = "1,2";
				TEST_HOST = "$(BUILT_PRODUCTS_DIR)/RegistroUsuarios.app/RegistroUsuarios";
			};
			name = Debug;
		};
		DF9FB44F278D08FD0056D37A /* Release */ = {
			isa = XCBuildConfiguration;
			baseConfigurationReference = 81CB687526CD8A1B09AFF19C /* Pods-RegistroUsuariosTests.release.xcconfig */;
			buildSettings = {
				ALWAYS_EMBED_SWIFT_STANDARD_LIBRARIES = YES;
				BUNDLE_LOADER = "$(TEST_HOST)";
				CODE_SIGN_STYLE = Automatic;
				CURRENT_PROJECT_VERSION = 1;
				GENERATE_INFOPLIST_FILE = YES;
				IPHONEOS_DEPLOYMENT_TARGET = 15.0;
				LD_RUNPATH_SEARCH_PATHS = (
					"$(inherited)",
					"@executable_path/Frameworks",
					"@loader_path/Frameworks",
				);
				MARKETING_VERSION = 1.0;
				PRODUCT_BUNDLE_IDENTIFIER = carlosh.semillero.RegistroUsuariosTests;
				PRODUCT_NAME = "$(TARGET_NAME)";
				SWIFT_EMIT_LOC_STRINGS = NO;
				SWIFT_VERSION = 5.0;
				TARGETED_DEVICE_FAMILY = "1,2";
				TEST_HOST = "$(BUILT_PRODUCTS_DIR)/RegistroUsuarios.app/RegistroUsuarios";
			};
			name = Release;
		};
		DF9FB451278D08FD0056D37A /* Debug */ = {
			isa = XCBuildConfiguration;
			baseConfigurationReference = E86D05B5BD29586759817FD6 /* Pods-RegistroUsuarios-RegistroUsuariosUITests.debug.xcconfig */;
			buildSettings = {
				ALWAYS_EMBED_SWIFT_STANDARD_LIBRARIES = YES;
				CODE_SIGN_STYLE = Automatic;
				CURRENT_PROJECT_VERSION = 1;
				GENERATE_INFOPLIST_FILE = YES;
				LD_RUNPATH_SEARCH_PATHS = (
					"$(inherited)",
					"@executable_path/Frameworks",
					"@loader_path/Frameworks",
				);
				MARKETING_VERSION = 1.0;
				PRODUCT_BUNDLE_IDENTIFIER = carlosh.semillero.RegistroUsuariosUITests;
				PRODUCT_NAME = "$(TARGET_NAME)";
				SWIFT_EMIT_LOC_STRINGS = NO;
				SWIFT_VERSION = 5.0;
				TARGETED_DEVICE_FAMILY = "1,2";
				TEST_TARGET_NAME = RegistroUsuarios;
			};
			name = Debug;
		};
		DF9FB452278D08FD0056D37A /* Release */ = {
			isa = XCBuildConfiguration;
			baseConfigurationReference = 845A807730B352E1F64D995E /* Pods-RegistroUsuarios-RegistroUsuariosUITests.release.xcconfig */;
			buildSettings = {
				ALWAYS_EMBED_SWIFT_STANDARD_LIBRARIES = YES;
				CODE_SIGN_STYLE = Automatic;
				CURRENT_PROJECT_VERSION = 1;
				GENERATE_INFOPLIST_FILE = YES;
				LD_RUNPATH_SEARCH_PATHS = (
					"$(inherited)",
					"@executable_path/Frameworks",
					"@loader_path/Frameworks",
				);
				MARKETING_VERSION = 1.0;
				PRODUCT_BUNDLE_IDENTIFIER = carlosh.semillero.RegistroUsuariosUITests;
				PRODUCT_NAME = "$(TARGET_NAME)";
				SWIFT_EMIT_LOC_STRINGS = NO;
				SWIFT_VERSION = 5.0;
				TARGETED_DEVICE_FAMILY = "1,2";
				TEST_TARGET_NAME = RegistroUsuarios;
			};
			name = Release;
		};
/* End XCBuildConfiguration section */

/* Begin XCConfigurationList section */
		DF9FB41B278D08FD0056D37A /* Build configuration list for PBXProject "RegistroUsuarios" */ = {
			isa = XCConfigurationList;
			buildConfigurations = (
				DF9FB448278D08FD0056D37A /* Debug */,
				DF9FB449278D08FD0056D37A /* Release */,
			);
			defaultConfigurationIsVisible = 0;
			defaultConfigurationName = Release;
		};
		DF9FB44A278D08FD0056D37A /* Build configuration list for PBXNativeTarget "RegistroUsuarios" */ = {
			isa = XCConfigurationList;
			buildConfigurations = (
				DF9FB44B278D08FD0056D37A /* Debug */,
				DF9FB44C278D08FD0056D37A /* Release */,
			);
			defaultConfigurationIsVisible = 0;
			defaultConfigurationName = Release;
		};
		DF9FB44D278D08FD0056D37A /* Build configuration list for PBXNativeTarget "RegistroUsuariosTests" */ = {
			isa = XCConfigurationList;
			buildConfigurations = (
				DF9FB44E278D08FD0056D37A /* Debug */,
				DF9FB44F278D08FD0056D37A /* Release */,
			);
			defaultConfigurationIsVisible = 0;
			defaultConfigurationName = Release;
		};
		DF9FB450278D08FD0056D37A /* Build configuration list for PBXNativeTarget "RegistroUsuariosUITests" */ = {
			isa = XCConfigurationList;
			buildConfigurations = (
				DF9FB451278D08FD0056D37A /* Debug */,
				DF9FB452278D08FD0056D37A /* Release */,
			);
			defaultConfigurationIsVisible = 0;
			defaultConfigurationName = Release;
		};
/* End XCConfigurationList section */
	};
	rootObject = DF9FB418278D08FD0056D37A /* Project object */;
}
